
Microsoft Visual Studio Solution File, Format Version 12.00
# Visual Studio Version 17
VisualStudioVersion = 17.2.32616.157
MinimumVisualStudioVersion = 10.0.40219.1
Project("{8BC9CEB8-8B4A-11D0-8D11-00A0C91BC942}") = "viesapiLibrary", "src\viesapiLibrary.vcxproj", "{6CF415B3-05C2-44B9-B9C2-3C29A393ADCE}"
EndProject
Project("{8BC9CEB8-8B4A-11D0-8D11-00A0C91BC942}") = "viesapiExample", "src\viesapiExample.vcxproj", "{EAAEA159-6D0A-4EA7-9A69-49729B877233}"
	ProjectSection(ProjectDependencies) = postProject
		{6CF415B3-05C2-44B9-B9C2-3C29A393ADCE} = {6CF415B3-05C2-44B9-B9C2-3C29A393ADCE}
	EndProjectSection
EndProject
Project("{8BC9CEB8-8B4A-11D0-8D11-00A0C91BC942}") = "viesapiStaticLibrary", "src\viesapiStaticLibrary.vcxproj", "{D7DFFCB2-E6E6-4AAE-8FD6-8881E6A7A00E}"
EndProject
Global
	GlobalSection(SolutionConfigurationPlatforms) = preSolution
		Debug|x64 = Debug|x64
		Debug|x86 = Debug|x86
		Release|x64 = Release|x64
		Release|x86 = Release|x86
	EndGlobalSection
	GlobalSection(ProjectConfigurationPlatforms) = postSolution
		{6CF415B3-05C2-44B9-B9C2-3C29A393ADCE}.Debug|x64.ActiveCfg = Debug|x64
		{6CF415B3-05C2-44B9-B9C2-3C29A393ADCE}.Debug|x64.Build.0 = Debug|x64
		{6CF415B3-05C2-44B9-B9C2-3C29A393ADCE}.Debug|x86.ActiveCfg = Debug|Win32
		{6CF415B3-05C2-44B9-B9C2-3C29A393ADCE}.Debug|x86.Build.0 = Debug|Win32
		{6CF415B3-05C2-44B9-B9C2-3C29A393ADCE}.Release|x64.ActiveCfg = Release|x64
		{6CF415B3-05C2-44B9-B9C2-3C29A393ADCE}.Release|x64.Build.0 = Release|x64
		{6CF415B3-05C2-44B9-B9C2-3C29A393ADCE}.Release|x86.ActiveCfg = Release|Win32
		{6CF415B3-05C2-44B9-B9C2-3C29A393ADCE}.Release|x86.Build.0 = Release|Win32
		{EAAEA159-6D0A-4EA7-9A69-49729B877233}.Debug|x64.ActiveCfg = Debug|x64
		{EAAEA159-6D0A-4EA7-9A69-49729B877233}.Debug|x64.Build.0 = Debug|x64
		{EAAEA159-6D0A-4EA7-9A69-49729B877233}.Debug|x86.ActiveCfg = Debug|Win32
		{EAAEA159-6D0A-4EA7-9A69-49729B877233}.Debug|x86.Build.0 = Debug|Win32
		{EAAEA159-6D0A-4EA7-9A69-49729B877233}.Release|x64.ActiveCfg = Release|x64
		{EAAEA159-6D0A-4EA7-9A69-49729B877233}.Release|x64.Build.0 = Release|x64
		{EAAEA159-6D0A-4EA7-9A69-49729B877233}.Release|x86.ActiveCfg = Release|Win32
		{EAAEA159-6D0A-4EA7-9A69-49729B877233}.Release|x86.Build.0 = Release|Win32
		{D7DFFCB2-E6E6-4AAE-8FD6-8881E6A7A00E}.Debug|x64.ActiveCfg = Debug|x64
		{D7DFFCB2-E6E6-4AAE-8FD6-8881E6A7A00E}.Debug|x64.Build.0 = Debug|x64
		{D7DFFCB2-E6E6-4AAE-8FD6-8881E6A7A00E}.Debug|x86.ActiveCfg = Debug|Win32
		{D7DFFCB2-E6E6-4AAE-8FD6-8881E6A7A00E}.Debug|x86.Build.0 = Debug|Win32
		{D7DFFCB2-E6E6-4AAE-8FD6-8881E6A7A00E}.Release|x64.ActiveCfg = Release|x64
		{D7DFFCB2-E6E6-4AAE-8FD6-8881E6A7A00E}.Release|x64.Build.0 = Release|x64
		{D7DFFCB2-E6E6-4AAE-8FD6-8881E6A7A00E}.Release|x86.ActiveCfg = Release|Win32
		{D7DFFCB2-E6E6-4AAE-8FD6-8881E6A7A00E}.Release|x86.Build.0 = Release|Win32
	EndGlobalSection
	GlobalSection(SolutionProperties) = preSolution
		HideSolutionNode = FALSE
	EndGlobalSection
	GlobalSection(ExtensibilityGlobals) = postSolution
		SolutionGuid = {221F28DE-DEB7-4128-BD1E-A66DB88240B7}
	EndGlobalSection
EndGlobal
